
Microsoft Visual Studio Solution File, Format Version 12.00
# Visual Studio Version 17
VisualStudioVersion = 17.4.33110.190
MinimumVisualStudioVersion = 10.0.40219.1
Project("{8BC9CEB8-8B4A-11D0-8D11-00A0C91BC942}") = "Labos_01", "Labos_01\Labos_01.vcxproj", "{CF98F37B-176B-4240-9BED-CF249155206E}"
EndProject
Project("{8BC9CEB8-8B4A-11D0-8D11-00A0C91BC942}") = "Labos_02", "Labos_02\Labos_02.vcxproj", "{B0436A54-AB7C-4D13-8544-D9D20AB026ED}"
EndProject
Project("{8BC9CEB8-8B4A-11D0-8D11-00A0C91BC942}") = "Labos_03.01", "Labos_03.01\Labos_03.01.vcxproj", "{233BB94E-F127-4E8A-AC49-5CB21CFCE1F6}"
EndProject
Project("{8BC9CEB8-8B4A-11D0-8D11-00A0C91BC942}") = "Labos_03.02", "Labos_03.02\Labos_03.02.vcxproj", "{B5D58A54-6BE9-4D8C-9834-B6278A8C2517}"
EndProject
Project("{8BC9CEB8-8B4A-11D0-8D11-00A0C91BC942}") = "Labos_04.01", "Labos_04.01\Labos_04.01.vcxproj", "{B76B07A7-C255-4429-8E1E-13A2C1C6B494}"
EndProject
Project("{8BC9CEB8-8B4A-11D0-8D11-00A0C91BC942}") = "Labos_05.01", "Labos_05.01\Labos_05.01.vcxproj", "{4ED8D49B-07F2-48E6-9A0B-6974B4A7BE94}"
EndProject
Project("{8BC9CEB8-8B4A-11D0-8D11-00A0C91BC942}") = "Labos_05.02", "Labos_05.02\Labos_05.02.vcxproj", "{31BBA2D9-8C7C-4653-884E-DFC647F2C672}"
EndProject
Project("{8BC9CEB8-8B4A-11D0-8D11-00A0C91BC942}") = "Labos_06.01", "Labos_06.01\Labos_06.01.vcxproj", "{B2521621-6985-4148-8028-73AFD898DCB7}"
EndProject
Project("{8BC9CEB8-8B4A-11D0-8D11-00A0C91BC942}") = "Labos_06.02", "Labos_06.02\Labos_06.02.vcxproj", "{C2AD3F19-0665-4F03-BD95-3BBA39A51801}"
EndProject
Project("{8BC9CEB8-8B4A-11D0-8D11-00A0C91BC942}") = "Labos_07.01", "Labos_07.01\Labos_07.01.vcxproj", "{DF42C241-7951-4E7C-866B-397503732202}"
EndProject
Project("{8BC9CEB8-8B4A-11D0-8D11-00A0C91BC942}") = "Labos_07.02", "Labos_07.02\Labos_07.02.vcxproj", "{76F5714B-C540-4DEF-A67A-D8DCF1652044}"
EndProject
Project("{8BC9CEB8-8B4A-11D0-8D11-00A0C91BC942}") = "Labos_07.03", "Labos_07.03\Labos_07.03.vcxproj", "{89BC8260-6316-4A11-8052-24FEB45E135A}"
EndProject
Global
	GlobalSection(SolutionConfigurationPlatforms) = preSolution
		Debug|x64 = Debug|x64
		Debug|x86 = Debug|x86
		Release|x64 = Release|x64
		Release|x86 = Release|x86
	EndGlobalSection
	GlobalSection(ProjectConfigurationPlatforms) = postSolution
		{CF98F37B-176B-4240-9BED-CF249155206E}.Debug|x64.ActiveCfg = Debug|x64
		{CF98F37B-176B-4240-9BED-CF249155206E}.Debug|x64.Build.0 = Debug|x64
		{CF98F37B-176B-4240-9BED-CF249155206E}.Debug|x86.ActiveCfg = Debug|Win32
		{CF98F37B-176B-4240-9BED-CF249155206E}.Debug|x86.Build.0 = Debug|Win32
		{CF98F37B-176B-4240-9BED-CF249155206E}.Release|x64.ActiveCfg = Release|x64
		{CF98F37B-176B-4240-9BED-CF249155206E}.Release|x64.Build.0 = Release|x64
		{CF98F37B-176B-4240-9BED-CF249155206E}.Release|x86.ActiveCfg = Release|Win32
		{CF98F37B-176B-4240-9BED-CF249155206E}.Release|x86.Build.0 = Release|Win32
		{B0436A54-AB7C-4D13-8544-D9D20AB026ED}.Debug|x64.ActiveCfg = Debug|x64
		{B0436A54-AB7C-4D13-8544-D9D20AB026ED}.Debug|x64.Build.0 = Debug|x64
		{B0436A54-AB7C-4D13-8544-D9D20AB026ED}.Debug|x86.ActiveCfg = Debug|Win32
		{B0436A54-AB7C-4D13-8544-D9D20AB026ED}.Debug|x86.Build.0 = Debug|Win32
		{B0436A54-AB7C-4D13-8544-D9D20AB026ED}.Release|x64.ActiveCfg = Release|x64
		{B0436A54-AB7C-4D13-8544-D9D20AB026ED}.Release|x64.Build.0 = Release|x64
		{B0436A54-AB7C-4D13-8544-D9D20AB026ED}.Release|x86.ActiveCfg = Release|Win32
		{B0436A54-AB7C-4D13-8544-D9D20AB026ED}.Release|x86.Build.0 = Release|Win32
		{233BB94E-F127-4E8A-AC49-5CB21CFCE1F6}.Debug|x64.ActiveCfg = Debug|x64
		{233BB94E-F127-4E8A-AC49-5CB21CFCE1F6}.Debug|x64.Build.0 = Debug|x64
		{233BB94E-F127-4E8A-AC49-5CB21CFCE1F6}.Debug|x86.ActiveCfg = Debug|Win32
		{233BB94E-F127-4E8A-AC49-5CB21CFCE1F6}.Debug|x86.Build.0 = Debug|Win32
		{233BB94E-F127-4E8A-AC49-5CB21CFCE1F6}.Release|x64.ActiveCfg = Release|x64
		{233BB94E-F127-4E8A-AC49-5CB21CFCE1F6}.Release|x64.Build.0 = Release|x64
		{233BB94E-F127-4E8A-AC49-5CB21CFCE1F6}.Release|x86.ActiveCfg = Release|Win32
		{233BB94E-F127-4E8A-AC49-5CB21CFCE1F6}.Release|x86.Build.0 = Release|Win32
		{B5D58A54-6BE9-4D8C-9834-B6278A8C2517}.Debug|x64.ActiveCfg = Debug|x64
		{B5D58A54-6BE9-4D8C-9834-B6278A8C2517}.Debug|x64.Build.0 = Debug|x64
		{B5D58A54-6BE9-4D8C-9834-B6278A8C2517}.Debug|x86.ActiveCfg = Debug|Win32
		{B5D58A54-6BE9-4D8C-9834-B6278A8C2517}.Debug|x86.Build.0 = Debug|Win32
		{B5D58A54-6BE9-4D8C-9834-B6278A8C2517}.Release|x64.ActiveCfg = Release|x64
		{B5D58A54-6BE9-4D8C-9834-B6278A8C2517}.Release|x64.Build.0 = Release|x64
		{B5D58A54-6BE9-4D8C-9834-B6278A8C2517}.Release|x86.ActiveCfg = Release|Win32
		{B5D58A54-6BE9-4D8C-9834-B6278A8C2517}.Release|x86.Build.0 = Release|Win32
		{B76B07A7-C255-4429-8E1E-13A2C1C6B494}.Debug|x64.ActiveCfg = Debug|x64
		{B76B07A7-C255-4429-8E1E-13A2C1C6B494}.Debug|x64.Build.0 = Debug|x64
		{B76B07A7-C255-4429-8E1E-13A2C1C6B494}.Debug|x86.ActiveCfg = Debug|Win32
		{B76B07A7-C255-4429-8E1E-13A2C1C6B494}.Debug|x86.Build.0 = Debug|Win32
		{B76B07A7-C255-4429-8E1E-13A2C1C6B494}.Release|x64.ActiveCfg = Release|x64
		{B76B07A7-C255-4429-8E1E-13A2C1C6B494}.Release|x64.Build.0 = Release|x64
		{B76B07A7-C255-4429-8E1E-13A2C1C6B494}.Release|x86.ActiveCfg = Release|Win32
		{B76B07A7-C255-4429-8E1E-13A2C1C6B494}.Release|x86.Build.0 = Release|Win32
		{4ED8D49B-07F2-48E6-9A0B-6974B4A7BE94}.Debug|x64.ActiveCfg = Debug|x64
		{4ED8D49B-07F2-48E6-9A0B-6974B4A7BE94}.Debug|x64.Build.0 = Debug|x64
		{4ED8D49B-07F2-48E6-9A0B-6974B4A7BE94}.Debug|x86.ActiveCfg = Debug|Win32
		{4ED8D49B-07F2-48E6-9A0B-6974B4A7BE94}.Debug|x86.Build.0 = Debug|Win32
		{4ED8D49B-07F2-48E6-9A0B-6974B4A7BE94}.Release|x64.ActiveCfg = Release|x64
		{4ED8D49B-07F2-48E6-9A0B-6974B4A7BE94}.Release|x64.Build.0 = Release|x64
		{4ED8D49B-07F2-48E6-9A0B-6974B4A7BE94}.Release|x86.ActiveCfg = Release|Win32
		{4ED8D49B-07F2-48E6-9A0B-6974B4A7BE94}.Release|x86.Build.0 = Release|Win32
		{31BBA2D9-8C7C-4653-884E-DFC647F2C672}.Debug|x64.ActiveCfg = Debug|x64
		{31BBA2D9-8C7C-4653-884E-DFC647F2C672}.Debug|x64.Build.0 = Debug|x64
		{31BBA2D9-8C7C-4653-884E-DFC647F2C672}.Debug|x86.ActiveCfg = Debug|Win32
		{31BBA2D9-8C7C-4653-884E-DFC647F2C672}.Debug|x86.Build.0 = Debug|Win32
		{31BBA2D9-8C7C-4653-884E-DFC647F2C672}.Release|x64.ActiveCfg = Release|x64
		{31BBA2D9-8C7C-4653-884E-DFC647F2C672}.Release|x64.Build.0 = Release|x64
		{31BBA2D9-8C7C-4653-884E-DFC647F2C672}.Release|x86.ActiveCfg = Release|Win32
		{31BBA2D9-8C7C-4653-884E-DFC647F2C672}.Release|x86.Build.0 = Release|Win32
		{B2521621-6985-4148-8028-73AFD898DCB7}.Debug|x64.ActiveCfg = Debug|x64
		{B2521621-6985-4148-8028-73AFD898DCB7}.Debug|x64.Build.0 = Debug|x64
		{B2521621-6985-4148-8028-73AFD898DCB7}.Debug|x86.ActiveCfg = Debug|Win32
		{B2521621-6985-4148-8028-73AFD898DCB7}.Debug|x86.Build.0 = Debug|Win32
		{B2521621-6985-4148-8028-73AFD898DCB7}.Release|x64.ActiveCfg = Release|x64
		{B2521621-6985-4148-8028-73AFD898DCB7}.Release|x64.Build.0 = Release|x64
		{B2521621-6985-4148-8028-73AFD898DCB7}.Release|x86.ActiveCfg = Release|Win32
		{B2521621-6985-4148-8028-73AFD898DCB7}.Release|x86.Build.0 = Release|Win32
		{C2AD3F19-0665-4F03-BD95-3BBA39A51801}.Debug|x64.ActiveCfg = Debug|x64
		{C2AD3F19-0665-4F03-BD95-3BBA39A51801}.Debug|x64.Build.0 = Debug|x64
		{C2AD3F19-0665-4F03-BD95-3BBA39A51801}.Debug|x86.ActiveCfg = Debug|Win32
		{C2AD3F19-0665-4F03-BD95-3BBA39A51801}.Debug|x86.Build.0 = Debug|Win32
		{C2AD3F19-0665-4F03-BD95-3BBA39A51801}.Release|x64.ActiveCfg = Release|x64
		{C2AD3F19-0665-4F03-BD95-3BBA39A51801}.Release|x64.Build.0 = Release|x64
		{C2AD3F19-0665-4F03-BD95-3BBA39A51801}.Release|x86.ActiveCfg = Release|Win32
		{C2AD3F19-0665-4F03-BD95-3BBA39A51801}.Release|x86.Build.0 = Release|Win32
		{DF42C241-7951-4E7C-866B-397503732202}.Debug|x64.ActiveCfg = Debug|x64
		{DF42C241-7951-4E7C-866B-397503732202}.Debug|x64.Build.0 = Debug|x64
		{DF42C241-7951-4E7C-866B-397503732202}.Debug|x86.ActiveCfg = Debug|Win32
		{DF42C241-7951-4E7C-866B-397503732202}.Debug|x86.Build.0 = Debug|Win32
		{DF42C241-7951-4E7C-866B-397503732202}.Release|x64.ActiveCfg = Release|x64
		{DF42C241-7951-4E7C-866B-397503732202}.Release|x64.Build.0 = Release|x64
		{DF42C241-7951-4E7C-866B-397503732202}.Release|x86.ActiveCfg = Release|Win32
		{DF42C241-7951-4E7C-866B-397503732202}.Release|x86.Build.0 = Release|Win32
		{76F5714B-C540-4DEF-A67A-D8DCF1652044}.Debug|x64.ActiveCfg = Debug|x64
		{76F5714B-C540-4DEF-A67A-D8DCF1652044}.Debug|x64.Build.0 = Debug|x64
		{76F5714B-C540-4DEF-A67A-D8DCF1652044}.Debug|x86.ActiveCfg = Debug|Win32
		{76F5714B-C540-4DEF-A67A-D8DCF1652044}.Debug|x86.Build.0 = Debug|Win32
		{76F5714B-C540-4DEF-A67A-D8DCF1652044}.Release|x64.ActiveCfg = Release|x64
		{76F5714B-C540-4DEF-A67A-D8DCF1652044}.Release|x64.Build.0 = Release|x64
		{76F5714B-C540-4DEF-A67A-D8DCF1652044}.Release|x86.ActiveCfg = Release|Win32
		{76F5714B-C540-4DEF-A67A-D8DCF1652044}.Release|x86.Build.0 = Release|Win32
		{89BC8260-6316-4A11-8052-24FEB45E135A}.Debug|x64.ActiveCfg = Debug|x64
		{89BC8260-6316-4A11-8052-24FEB45E135A}.Debug|x64.Build.0 = Debug|x64
		{89BC8260-6316-4A11-8052-24FEB45E135A}.Debug|x86.ActiveCfg = Debug|Win32
		{89BC8260-6316-4A11-8052-24FEB45E135A}.Debug|x86.Build.0 = Debug|Win32
		{89BC8260-6316-4A11-8052-24FEB45E135A}.Release|x64.ActiveCfg = Release|x64
		{89BC8260-6316-4A11-8052-24FEB45E135A}.Release|x64.Build.0 = Release|x64
		{89BC8260-6316-4A11-8052-24FEB45E135A}.Release|x86.ActiveCfg = Release|Win32
		{89BC8260-6316-4A11-8052-24FEB45E135A}.Release|x86.Build.0 = Release|Win32
	EndGlobalSection
	GlobalSection(SolutionProperties) = preSolution
		HideSolutionNode = FALSE
	EndGlobalSection
	GlobalSection(ExtensibilityGlobals) = postSolution
		SolutionGuid = {8ADCCB5E-5EB6-4F06-9BE6-24C107E3601C}
	EndGlobalSection
EndGlobal
